{
  "version": 1,
  "dependencies": {
    "net8.0-windows7.0": {
      "CHTCHSConv": {
        "type": "Direct",
        "requested": "[1.0.0, )",
        "resolved": "1.0.0",
        "contentHash": "A6G2FO6AZ6MHNY3YbA98YF2Cty1O74+hffIJN6vKONUhyeXtd+kpZumYLFW0Q8tT3SToXNQoLuMFqScQF+FY8g=="
      },
      "DalamudPackager": {
        "type": "Direct",
        "requested": "[11.0.0, )",
        "resolved": "11.0.0",
        "contentHash": "bjT7XUlhIJSmsE/O76b7weUX+evvGQctbQB8aKXt94o+oPWxHpCepxAGMs7Thow3AzCyqWs7cOpp9/2wcgRRQA=="
      }
    }
  }
}